uuid: f523b8ed-4c99-4266-931e-40f2789d5962
langcode: en
status: true
dependencies:
  config:
    - views.view.audio_carousel
  module:
    - system
    - views
  theme:
    - mytheme
id: views_block__audio_carousel_audio_carousel_block
theme: mytheme
region: content
weight: -2
provider: null
plugin: 'views_block:audio_carousel-audio_carousel_block'
settings:
  id: 'views_block:audio_carousel-audio_carousel_block'
  label: 'Latest Audios'
  label_display: visible
  provider: views
  views_label: 'Latest Audios'
  items_per_page: none
visibility:
  request_path:
    id: request_path
    negate: false
    pages: /home
