uuid: 1b566055-650d-44f6-be87-e83dc52cc270
langcode: en
status: true
dependencies:
  content:
    - 'block_content:basic:a8fa7df0-5705-401b-bb6c-4c210b819619'
  module:
    - block_content
    - system
  theme:
    - mytheme
id: greetingblock
theme: mytheme
region: sidebar_second
weight: 0
provider: null
plugin: 'block_content:a8fa7df0-5705-401b-bb6c-4c210b819619'
settings:
  id: 'block_content:a8fa7df0-5705-401b-bb6c-4c210b819619'
  label: 'Greeting Block'
  label_display: '0'
  provider: block_content
  status: true
  info: ''
  view_mode: full
visibility:
  request_path:
    id: request_path
    negate: false
    pages: /home
